
Microsoft Visual Studio Solution File, Format Version 12.00
# Visual Studio Version 16
VisualStudioVersion = 16.0.31729.503
MinimumVisualStudioVersion = 10.0.40219.1
Project("{9A19103F-16F7-4668-BE54-9A1E7A4F7556}") = "WeatherFormulas", "WeatherFormulas\WeatherFormulas.csproj", "{AB55D502-55A4-4618-98B6-071E057430BB}"
EndProject
Project("{FAE04EC0-301F-11D3-BF4B-00C04F79EFBC}") = "classLibrary", "classLibrary\classLibrary.csproj", "{DAE3E373-05B8-4FDE-AA4E-D09E8C1B4219}"
EndProject
Global
	GlobalSection(SolutionConfigurationPlatforms) = preSolution
		Debug|Any CPU = Debug|Any CPU
		Release|Any CPU = Release|Any CPU
	EndGlobalSection
	GlobalSection(ProjectConfigurationPlatforms) = postSolution
		{AB55D502-55A4-4618-98B6-071E057430BB}.Debug|Any CPU.ActiveCfg = Debug|Any CPU
		{AB55D502-55A4-4618-98B6-071E057430BB}.Debug|Any CPU.Build.0 = Debug|Any CPU
		{AB55D502-55A4-4618-98B6-071E057430BB}.Release|Any CPU.ActiveCfg = Release|Any CPU
		{AB55D502-55A4-4618-98B6-071E057430BB}.Release|Any CPU.Build.0 = Release|Any CPU
		{DAE3E373-05B8-4FDE-AA4E-D09E8C1B4219}.Debug|Any CPU.ActiveCfg = Debug|Any CPU
		{DAE3E373-05B8-4FDE-AA4E-D09E8C1B4219}.Debug|Any CPU.Build.0 = Debug|Any CPU
		{DAE3E373-05B8-4FDE-AA4E-D09E8C1B4219}.Release|Any CPU.ActiveCfg = Release|Any CPU
		{DAE3E373-05B8-4FDE-AA4E-D09E8C1B4219}.Release|Any CPU.Build.0 = Release|Any CPU
	EndGlobalSection
	GlobalSection(SolutionProperties) = preSolution
		HideSolutionNode = FALSE
	EndGlobalSection
	GlobalSection(ExtensibilityGlobals) = postSolution
		SolutionGuid = {5655B46E-13E2-4637-B9AE-1B2490BFB6D4}
	EndGlobalSection
EndGlobal
