
Microsoft Visual Studio Solution File, Format Version 12.00
# Visual Studio Version 16
VisualStudioVersion = 16.0.31729.503
MinimumVisualStudioVersion = 10.0.40219.1
Project("{FAE04EC0-301F-11D3-BF4B-00C04F79EFBC}") = "ClassLibrary", "StorageDailyForecast\ClassLibrary.csproj", "{4DC61287-5986-4278-BDFF-FC5030048094}"
EndProject
Project("{FAE04EC0-301F-11D3-BF4B-00C04F79EFBC}") = "UI", "UI\UI.csproj", "{8B8CDF8B-FFFC-421C-8864-46B021B6368D}"
EndProject
Global
	GlobalSection(SolutionConfigurationPlatforms) = preSolution
		Debug|Any CPU = Debug|Any CPU
		Release|Any CPU = Release|Any CPU
	EndGlobalSection
	GlobalSection(ProjectConfigurationPlatforms) = postSolution
		{4DC61287-5986-4278-BDFF-FC5030048094}.Debug|Any CPU.ActiveCfg = Debug|Any CPU
		{4DC61287-5986-4278-BDFF-FC5030048094}.Debug|Any CPU.Build.0 = Debug|Any CPU
		{4DC61287-5986-4278-BDFF-FC5030048094}.Release|Any CPU.ActiveCfg = Release|Any CPU
		{4DC61287-5986-4278-BDFF-FC5030048094}.Release|Any CPU.Build.0 = Release|Any CPU
		{8B8CDF8B-FFFC-421C-8864-46B021B6368D}.Debug|Any CPU.ActiveCfg = Debug|Any CPU
		{8B8CDF8B-FFFC-421C-8864-46B021B6368D}.Debug|Any CPU.Build.0 = Debug|Any CPU
		{8B8CDF8B-FFFC-421C-8864-46B021B6368D}.Release|Any CPU.ActiveCfg = Release|Any CPU
		{8B8CDF8B-FFFC-421C-8864-46B021B6368D}.Release|Any CPU.Build.0 = Release|Any CPU
	EndGlobalSection
	GlobalSection(SolutionProperties) = preSolution
		HideSolutionNode = FALSE
	EndGlobalSection
	GlobalSection(ExtensibilityGlobals) = postSolution
		SolutionGuid = {D071270C-92FE-495A-A5A9-741F519E708B}
	EndGlobalSection
EndGlobal
